
Microsoft Visual Studio Solution File, Format Version 12.00
# Visual Studio 14
VisualStudioVersion = 14.0.25123.0
MinimumVisualStudioVersion = 10.0.40219.1
Project("{FAE04EC0-301F-11D3-BF4B-00C04F79EFBC}") = "sintaxinator", "Sintaxinator\sintaxinator.csproj", "{823E4A34-344A-45D5-965F-1DB450BCDBA7}"
EndProject
Project("{FAE04EC0-301F-11D3-BF4B-00C04F79EFBC}") = "headitor", "Headitor\headitor.csproj", "{CE7E01D5-182F-47C2-BBBF-F5D079ADBC44}"
EndProject
Project("{D954291E-2A0B-460D-934E-DC6B0785DB48}") = "RomStuff", "RomStuff\RomStuff.shproj", "{9DCAC637-9425-4ED2-9A66-F05321D56D6C}"
EndProject
Global
	GlobalSection(SharedMSBuildProjectFiles) = preSolution
		RomStuff\RomStuff.projitems*{823e4a34-344a-45d5-965f-1db450bcdba7}*SharedItemsImports = 4
		RomStuff\RomStuff.projitems*{9dcac637-9425-4ed2-9a66-f05321d56d6c}*SharedItemsImports = 13
		RomStuff\RomStuff.projitems*{ce7e01d5-182f-47c2-bbbf-f5d079adbc44}*SharedItemsImports = 4
	EndGlobalSection
	GlobalSection(SolutionConfigurationPlatforms) = preSolution
		Debug|Any CPU = Debug|Any CPU
		Release|Any CPU = Release|Any CPU
	EndGlobalSection
	GlobalSection(ProjectConfigurationPlatforms) = postSolution
		{823E4A34-344A-45D5-965F-1DB450BCDBA7}.Debug|Any CPU.ActiveCfg = Debug|Any CPU
		{823E4A34-344A-45D5-965F-1DB450BCDBA7}.Debug|Any CPU.Build.0 = Debug|Any CPU
		{823E4A34-344A-45D5-965F-1DB450BCDBA7}.Release|Any CPU.ActiveCfg = Release|Any CPU
		{823E4A34-344A-45D5-965F-1DB450BCDBA7}.Release|Any CPU.Build.0 = Release|Any CPU
		{CE7E01D5-182F-47C2-BBBF-F5D079ADBC44}.Debug|Any CPU.ActiveCfg = Debug|Any CPU
		{CE7E01D5-182F-47C2-BBBF-F5D079ADBC44}.Debug|Any CPU.Build.0 = Debug|Any CPU
		{CE7E01D5-182F-47C2-BBBF-F5D079ADBC44}.Release|Any CPU.ActiveCfg = Release|Any CPU
		{CE7E01D5-182F-47C2-BBBF-F5D079ADBC44}.Release|Any CPU.Build.0 = Release|Any CPU
	EndGlobalSection
	GlobalSection(SolutionProperties) = preSolution
		HideSolutionNode = FALSE
	EndGlobalSection
EndGlobal
